
Microsoft Visual Studio Solution File, Format Version 12.00
# Visual Studio 2012
Project("{FAE04EC0-301F-11D3-BF4B-00C04F79EFBC}") = "Jishi.StreamToSonos", "Jishi.StreamToSonos\Jishi.StreamToSonos.csproj", "{4EE6F74A-2C7C-4BEF-ACBE-C767D807C037}"
EndProject
Project("{FAE04EC0-301F-11D3-BF4B-00C04F79EFBC}") = "Jishi.SonosUPnP", "Jishi.SonosUPnP\Jishi.SonosUPnP.csproj", "{96D35872-397F-440E-895F-33203AAAB6E8}"
EndProject
Global
	GlobalSection(SolutionConfigurationPlatforms) = preSolution
		Debug|Any CPU = Debug|Any CPU
		Release|Any CPU = Release|Any CPU
	EndGlobalSection
	GlobalSection(ProjectConfigurationPlatforms) = postSolution
		{4EE6F74A-2C7C-4BEF-ACBE-C767D807C037}.Debug|Any CPU.ActiveCfg = Debug|Any CPU
		{4EE6F74A-2C7C-4BEF-ACBE-C767D807C037}.Debug|Any CPU.Build.0 = Debug|Any CPU
		{4EE6F74A-2C7C-4BEF-ACBE-C767D807C037}.Release|Any CPU.ActiveCfg = Release|Any CPU
		{4EE6F74A-2C7C-4BEF-ACBE-C767D807C037}.Release|Any CPU.Build.0 = Release|Any CPU
		{96D35872-397F-440E-895F-33203AAAB6E8}.Debug|Any CPU.ActiveCfg = Debug|Any CPU
		{96D35872-397F-440E-895F-33203AAAB6E8}.Debug|Any CPU.Build.0 = Debug|Any CPU
		{96D35872-397F-440E-895F-33203AAAB6E8}.Release|Any CPU.ActiveCfg = Release|Any CPU
		{96D35872-397F-440E-895F-33203AAAB6E8}.Release|Any CPU.Build.0 = Release|Any CPU
	EndGlobalSection
	GlobalSection(SolutionProperties) = preSolution
		HideSolutionNode = FALSE
	EndGlobalSection
EndGlobal
